
Microsoft Visual Studio Solution File, Format Version 12.00
# Visual Studio Version 17
VisualStudioVersion = 17.9.34622.214
MinimumVisualStudioVersion = 10.0.40219.1
Project("{FAE04EC0-301F-11D3-BF4B-00C04F79EFBC}") = "dotnet-facebook", "dotnet-facebook.csproj", "{BD073416-F32A-4117-9428-AF3566412D98}"
EndProject
Global
	GlobalSection(SolutionConfigurationPlatforms) = preSolution
		Debug|Any CPU = Debug|Any CPU
		Release|Any CPU = Release|Any CPU
	EndGlobalSection
	GlobalSection(ProjectConfigurationPlatforms) = postSolution
		{BD073416-F32A-4117-9428-AF3566412D98}.Debug|Any CPU.ActiveCfg = Debug|Any CPU
		{BD073416-F32A-4117-9428-AF3566412D98}.Debug|Any CPU.Build.0 = Debug|Any CPU
		{BD073416-F32A-4117-9428-AF3566412D98}.Release|Any CPU.ActiveCfg = Release|Any CPU
		{BD073416-F32A-4117-9428-AF3566412D98}.Release|Any CPU.Build.0 = Release|Any CPU
	EndGlobalSection
	GlobalSection(SolutionProperties) = preSolution
		HideSolutionNode = FALSE
	EndGlobalSection
	GlobalSection(ExtensibilityGlobals) = postSolution
		SolutionGuid = {6CD5955C-1653-42DB-8A44-A009B0155085}
	EndGlobalSection
EndGlobal
